// !$*UTF8*$!
{
	archiveVersion = 1;
	classes = {
	};
	objectVersion = 77;
	objects = {

/* Begin PBXBuildFile section */
		EC84CC5F303E1286009105E9 /* libgpib_internal.h in Headers */ = {isa = PBXBuildFile; fileRef = EC84CC57303E1286009105E9 /* libgpib_internal.h */; };
		EC84CC60303E1286009105E9 /* client.c in Sources */ = {isa = PBXBuildFile; fileRef = EC84CC59303E1286009105E9 /* client.c */; };
		EC84CC61303E1286009105E9 /* ib_488_2.c in Sources */ = {isa = PBXBuildFile; fileRef = EC84CC5B303E1286009105E9 /* ib_488_2.c */; };
		EC84CC62303E1286009105E9 /* error.c in Sources */ = {isa = PBXBuildFile; fileRef = EC84CC5A303E1286009105E9 /* error.c */; };
		EC84CC63303E1286009105E9 /* ib_traditional.c in Sources */ = {isa = PBXBuildFile; fileRef = EC84CC5C303E1286009105E9 /* ib_traditional.c */; };
		EC84CC64303E22BB009105E9 /* libgpib.dylib in Frameworks */ = {isa = PBXBuildFile; fileRef = EC84CC53303E1224009105E9 /* libgpib.dylib */; };
		EC84CC65303E22BB009105E9 /* libgpib.dylib in Embed Libraries */ = {isa = PBXBuildFile; fileRef = EC84CC53303E1224009105E9 /* libgpib.dylib */; settings = {ATTRIBUTES = (CodeSignOnCopy, ); }; };
		EC84CF04303F23A3009105E9 /* gpibd in CopyFiles */ = {isa = PBXBuildFile; fileRef = EC84CEEE303F2255009105E9 /* gpibd */; settings = {ATTRIBUTES = (CodeSignOnCopy, ); }; };
		ECE85F002E25486D00BB5DC5 /* DriverKit.framework in Frameworks */ = {isa = PBXBuildFile; fileRef = ECE85EFF2E25486D00BB5DC5 /* DriverKit.framework */; };
		ECE85F092E25486D00BB5DC5 /* app.saturno.darwin-gpib.driver.dext in Embed System Extensions */ = {isa = PBXBuildFile; fileRef = ECE85EFD2E25486D00BB5DC5 /* app.saturno.darwin-gpib.driver.dext */; settings = {ATTRIBUTES = (RemoveHeadersOnCopy, ); }; };
		ECE85F152E27FFD000BB5DC5 /* USBDriverKit.framework in Frameworks */ = {isa = PBXBuildFile; fileRef = ECE85F112E27FE4C00BB5DC5 /* USBDriverKit.framework */; };
		ECF2B0A42E242E4100952F22 /* AboutWindow in Frameworks */ = {isa = PBXBuildFile; productRef = ECF2B0A32E242E4100952F22 /* AboutWindow */; };
/* End PBXBuildFile section */

/* Begin PBXContainerItemProxy section */
		EC84CC66303E22BB009105E9 /* PBXContainerItemProxy */ = {
			isa = PBXContainerItemProxy;
			containerPortal = ECB71BE12E23451C000FF10F /* Project object */;
			proxyType = 1;
			remoteGlobalIDString = EC84CC52303E1224009105E9;
			remoteInfo = gpib;
		};
		EC84CF01303F234B009105E9 /* PBXContainerItemProxy */ = {
			isa = PBXContainerItemProxy;
			containerPortal = ECB71BE12E23451C000FF10F /* Project object */;
			proxyType = 1;
			remoteGlobalIDString = EC84CEED303F2255009105E9;
			remoteInfo = gpibd;
		};
		ECE85F072E25486D00BB5DC5 /* PBXContainerItemProxy */ = {
			isa = PBXContainerItemProxy;
			containerPortal = ECB71BE12E23451C000FF10F /* Project object */;
			proxyType = 1;
			remoteGlobalIDString = ECE85EFC2E25486D00BB5DC5;
			remoteInfo = driver;
		};
/* End PBXContainerItemProxy section */

/* Begin PBXCopyFilesBuildPhase section */
		EC84CC68303E22BB009105E9 /* Embed Libraries */ = {
			isa = PBXCopyFilesBuildPhase;
			buildActionMask = 2147483647;
			dstPath = "";
			dstSubfolderSpec = 10;
			files = (
				EC84CC65303E22BB009105E9 /* libgpib.dylib in Embed Libraries */,
			);
			name = "Embed Libraries";
			runOnlyForDeploymentPostprocessing = 0;
		};
		EC84CEEC303F2255009105E9 /* CopyFiles */ = {
			isa = PBXCopyFilesBuildPhase;
			buildActionMask = 2147483647;
			dstPath = /usr/share/man/man1/;
			dstSubfolderSpec = 0;
			files = (
			);
			runOnlyForDeploymentPostprocessing = 1;
		};
		EC84CF03303F2369009105E9 /* CopyFiles */ = {
			isa = PBXCopyFilesBuildPhase;
			buildActionMask = 2147483647;
			dstPath = "";
			dstSubfolderSpec = 6;
			files = (
				EC84CF04303F23A3009105E9 /* gpibd in CopyFiles */,
			);
			runOnlyForDeploymentPostprocessing = 0;
		};
		EC84CF05303F23AD009105E9 /* CopyFiles */ = {
			isa = PBXCopyFilesBuildPhase;
			buildActionMask = 2147483647;
			dstPath = Contents/Library/LaunchAgents;
			dstSubfolderSpec = 1;
			files = (
			);
			runOnlyForDeploymentPostprocessing = 0;
		};
		ECB71C1B2E235ED9000FF10F /* Embed System Extensions */ = {
			isa = PBXCopyFilesBuildPhase;
			buildActionMask = 2147483647;
			dstPath = "$(SYSTEM_EXTENSIONS_FOLDER_PATH)";
			dstSubfolderSpec = 16;
			files = (
				ECE85F092E25486D00BB5DC5 /* app.saturno.darwin-gpib.driver.dext in Embed System Extensions */,
			);
			name = "Embed System Extensions";
			runOnlyForDeploymentPostprocessing = 0;
		};
/* End PBXCopyFilesBuildPhase section */

/* Begin PBXFileReference section */
		EC84CC53303E1224009105E9 /* libgpib.dylib */ = {isa = PBXFileReference; explicitFileType = "compiled.mach-o.dylib"; includeInIndex = 0; path = libgpib.dylib; sourceTree = BUILT_PRODUCTS_DIR; };
		EC84CC57303E1286009105E9 /* libgpib_internal.h */ = {isa = PBXFileReference; lastKnownFileType = sourcecode.c.h; path = libgpib_internal.h; sourceTree = "<group>"; };
		EC84CC59303E1286009105E9 /* client.c */ = {isa = PBXFileReference; lastKnownFileType = sourcecode.c.c; path = client.c; sourceTree = "<group>"; };
		EC84CC5A303E1286009105E9 /* error.c */ = {isa = PBXFileReference; lastKnownFileType = sourcecode.c.c; path = error.c; sourceTree = "<group>"; };
		EC84CC5B303E1286009105E9 /* ib_488_2.c */ = {isa = PBXFileReference; lastKnownFileType = sourcecode.c.c; path = ib_488_2.c; sourceTree = "<group>"; };
		EC84CC5C303E1286009105E9 /* ib_traditional.c */ = {isa = PBXFileReference; lastKnownFileType = sourcecode.c.c; path = ib_traditional.c; sourceTree = "<group>"; };
		EC84CEEE303F2255009105E9 /* gpibd */ = {isa = PBXFileReference; explicitFileType = "compiled.mach-o.executable"; includeInIndex = 0; path = gpibd; sourceTree = BUILT_PRODUCTS_DIR; };
		ECB71BE92E23451C000FF10F /* Open GPIB.app */ = {isa = PBXFileReference; explicitFileType = wrapper.application; includeInIndex = 0; path = "Open GPIB.app"; sourceTree = BUILT_PRODUCTS_DIR; };
		ECE85EFD2E25486D00BB5DC5 /* app.saturno.darwin-gpib.driver.dext */ = {isa = PBXFileReference; explicitFileType = "wrapper.driver-extension"; includeInIndex = 0; path = "app.saturno.darwin-gpib.driver.dext"; sourceTree = BUILT_PRODUCTS_DIR; };
		ECE85EFF2E25486D00BB5DC5 /* DriverKit.framework */ = {isa = PBXFileReference; lastKnownFileType = wrapper.framework; name = DriverKit.framework; path = System/Library/Frameworks/DriverKit.framework; sourceTree = SDKROOT; };
		ECE85F112E27FE4C00BB5DC5 /* USBDriverKit.framework */ = {isa = PBXFileReference; lastKnownFileType = wrapper.framework; name = USBDriverKit.framework; path = Platforms/DriverKit.platform/Developer/SDKs/DriverKit24.4.sdk/System/DriverKit/System/Library/Frameworks/USBDriverKit.framework; sourceTree = DEVELOPER_DIR; };
		ECE85F132E27FE5700BB5DC5 /* IOKit.framework */ = {isa = PBXFileReference; lastKnownFileType = wrapper.framework; name = IOKit.framework; path = System/Library/Frameworks/IOKit.framework; sourceTree = SDKROOT; };
/* End PBXFileReference section */

/* Begin PBXFileSystemSynchronizedBuildFileExceptionSet section */
		ECE85F0A2E25486D00BB5DC5 /* Exceptions for "driver" folder in "driver" target */ = {
			isa = PBXFileSystemSynchronizedBuildFileExceptionSet;
			membershipExceptions = (
				Info.plist,
			);
			target = ECE85EFC2E25486D00BB5DC5 /* driver */;
		};
/* End PBXFileSystemSynchronizedBuildFileExceptionSet section */

/* Begin PBXFileSystemSynchronizedGroupBuildPhaseMembershipExceptionSet section */
		EC84CF07303F23DB009105E9 /* Exceptions for "gpibd" folder in "Copy Files" phase from "Open GPIB" target */ = {
			isa = PBXFileSystemSynchronizedGroupBuildPhaseMembershipExceptionSet;
			buildPhase = EC84CF05303F23AD009105E9 /* CopyFiles */;
			membershipExceptions = (
				"app.saturno.darwin-gpib.gpibd.plist",
			);
		};
/* End PBXFileSystemSynchronizedGroupBuildPhaseMembershipExceptionSet section */

/* Begin PBXFileSystemSynchronizedRootGroup section */
		EC84CEEF303F2255009105E9 /* gpibd */ = {
			isa = PBXFileSystemSynchronizedRootGroup;
			exceptions = (
				EC84CF07303F23DB009105E9 /* Exceptions for "gpibd" folder in "Copy Files" phase from "Open GPIB" target */,
			);
			path = gpibd;
			sourceTree = "<group>";
		};
		ECB71BEB2E23451C000FF10F /* Open GPIB */ = {
			isa = PBXFileSystemSynchronizedRootGroup;
			path = "Open GPIB";
			sourceTree = "<group>";
		};
		ECE85F012E25486D00BB5DC5 /* driver */ = {
			isa = PBXFileSystemSynchronizedRootGroup;
			exceptions = (
				ECE85F0A2E25486D00BB5DC5 /* Exceptions for "driver" folder in "driver" target */,
			);
			path = driver;
			sourceTree = "<group>";
		};
/* End PBXFileSystemSynchronizedRootGroup section */

/* Begin PBXFrameworksBuildPhase section */
		EC84CC51303E1224009105E9 /* Frameworks */ = {
			isa = PBXFrameworksBuildPhase;
			buildActionMask = 2147483647;
			files = (
			);
			runOnlyForDeploymentPostprocessing = 0;
		};
		EC84CEEB303F2255009105E9 /* Frameworks */ = {
			isa = PBXFrameworksBuildPhase;
			buildActionMask = 2147483647;
			files = (
			);
			runOnlyForDeploymentPostprocessing = 0;
		};
		ECB71BE62E23451C000FF10F /* Frameworks */ = {
			isa = PBXFrameworksBuildPhase;
			buildActionMask = 2147483647;
			files = (
				EC84CC64303E22BB009105E9 /* libgpib.dylib in Frameworks */,
				ECF2B0A42E242E4100952F22 /* AboutWindow in Frameworks */,
			);
			runOnlyForDeploymentPostprocessing = 0;
		};
		ECE85EFA2E25486D00BB5DC5 /* Frameworks */ = {
			isa = PBXFrameworksBuildPhase;
			buildActionMask = 2147483647;
			files = (
				ECE85F152E27FFD000BB5DC5 /* USBDriverKit.framework in Frameworks */,
				ECE85F002E25486D00BB5DC5 /* DriverKit.framework in Frameworks */,
			);
			runOnlyForDeploymentPostprocessing = 0;
		};
/* End PBXFrameworksBuildPhase section */

/* Begin PBXGroup section */
		EC84CC58303E1286009105E9 /* include */ = {
			isa = PBXGroup;
			children = (
				EC84CC57303E1286009105E9 /* libgpib_internal.h */,
			);
			path = include;
			sourceTree = "<group>";
		};
		EC84CC5D303E1286009105E9 /* src */ = {
			isa = PBXGroup;
			children = (
				EC84CC59303E1286009105E9 /* client.c */,
				EC84CC5A303E1286009105E9 /* error.c */,
				EC84CC5B303E1286009105E9 /* ib_488_2.c */,
				EC84CC5C303E1286009105E9 /* ib_traditional.c */,
			);
			path = src;
			sourceTree = "<group>";
		};
		EC84CC5E303E1286009105E9 /* libgpib */ = {
			isa = PBXGroup;
			children = (
				EC84CC58303E1286009105E9 /* include */,
				EC84CC5D303E1286009105E9 /* src */,
			);
			path = libgpib;
			sourceTree = "<group>";
		};
		ECB71BE02E23451C000FF10F = {
			isa = PBXGroup;
			children = (
				ECB71BEB2E23451C000FF10F /* Open GPIB */,
				ECE85F012E25486D00BB5DC5 /* driver */,
				EC84CEEF303F2255009105E9 /* gpibd */,
				ECE85EFE2E25486D00BB5DC5 /* Frameworks */,
				ECB71BEA2E23451C000FF10F /* Products */,
				EC84CC5E303E1286009105E9 /* libgpib */,
			);
			sourceTree = "<group>";
		};
		ECB71BEA2E23451C000FF10F /* Products */ = {
			isa = PBXGroup;
			children = (
				ECB71BE92E23451C000FF10F /* Open GPIB.app */,
				ECE85EFD2E25486D00BB5DC5 /* app.saturno.darwin-gpib.driver.dext */,
				EC84CC53303E1224009105E9 /* libgpib.dylib */,
				EC84CEEE303F2255009105E9 /* gpibd */,
			);
			name = Products;
			sourceTree = "<group>";
		};
		ECE85EFE2E25486D00BB5DC5 /* Frameworks */ = {
			isa = PBXGroup;
			children = (
				ECE85F132E27FE5700BB5DC5 /* IOKit.framework */,
				ECE85F112E27FE4C00BB5DC5 /* USBDriverKit.framework */,
				ECE85EFF2E25486D00BB5DC5 /* DriverKit.framework */,
			);
			name = Frameworks;
			sourceTree = "<group>";
		};
/* End PBXGroup section */

/* Begin PBXHeadersBuildPhase section */
		EC84CC4F303E1224009105E9 /* Headers */ = {
			isa = PBXHeadersBuildPhase;
			buildActionMask = 2147483647;
			files = (
				EC84CC5F303E1286009105E9 /* libgpib_internal.h in Headers */,
			);
			runOnlyForDeploymentPostprocessing = 0;
		};
		ECE85EF82E25486D00BB5DC5 /* Headers */ = {
			isa = PBXHeadersBuildPhase;
			buildActionMask = 2147483647;
			files = (
			);
			runOnlyForDeploymentPostprocessing = 0;
		};
/* End PBXHeadersBuildPhase section */

/* Begin PBXNativeTarget section */
		EC84CC52303E1224009105E9 /* gpib */ = {
			isa = PBXNativeTarget;
			buildConfigurationList = EC84CC54303E1224009105E9 /* Build configuration list for PBXNativeTarget "gpib" */;
			buildPhases = (
				EC84CC4F303E1224009105E9 /* Headers */,
				EC84CC50303E1224009105E9 /* Sources */,
				EC84CC51303E1224009105E9 /* Frameworks */,
			);
			buildRules = (
			);
			dependencies = (
			);
			name = gpib;
			packageProductDependencies = (
			);
			productName = gpib;
			productReference = EC84CC53303E1224009105E9 /* libgpib.dylib */;
			productType = "com.apple.product-type.library.dynamic";
		};
		EC84CEED303F2255009105E9 /* gpibd */ = {
			isa = PBXNativeTarget;
			buildConfigurationList = EC84CEF2303F2255009105E9 /* Build configuration list for PBXNativeTarget "gpibd" */;
			buildPhases = (
				EC84CEEA303F2255009105E9 /* Sources */,
				EC84CEEB303F2255009105E9 /* Frameworks */,
				EC84CEEC303F2255009105E9 /* CopyFiles */,
			);
			buildRules = (
			);
			dependencies = (
			);
			fileSystemSynchronizedGroups = (
				EC84CEEF303F2255009105E9 /* gpibd */,
			);
			name = gpibd;
			packageProductDependencies = (
			);
			productName = gpibd;
			productReference = EC84CEEE303F2255009105E9 /* gpibd */;
			productType = "com.apple.product-type.tool";
		};
		ECB71BE82E23451C000FF10F /* Open GPIB */ = {
			isa = PBXNativeTarget;
			buildConfigurationList = ECB71BF52E23451C000FF10F /* Build configuration list for PBXNativeTarget "Open GPIB" */;
			buildPhases = (
				ECB71BE52E23451C000FF10F /* Sources */,
				ECB71BE62E23451C000FF10F /* Frameworks */,
				ECB71BE72E23451C000FF10F /* Resources */,
				ECB71C1B2E235ED9000FF10F /* Embed System Extensions */,
				EC84CC68303E22BB009105E9 /* Embed Libraries */,
				EC84CF03303F2369009105E9 /* CopyFiles */,
				EC84CF05303F23AD009105E9 /* CopyFiles */,
			);
			buildRules = (
			);
			dependencies = (
				EC84CF02303F234B009105E9 /* PBXTargetDependency */,
				ECE85F082E25486D00BB5DC5 /* PBXTargetDependency */,
				EC84CC67303E22BB009105E9 /* PBXTargetDependency */,
			);
			fileSystemSynchronizedGroups = (
				ECB71BEB2E23451C000FF10F /* Open GPIB */,
			);
			name = "Open GPIB";
			packageProductDependencies = (
				ECF2B0A32E242E4100952F22 /* AboutWindow */,
			);
			productName = "darwin-gpib";
			productReference = ECB71BE92E23451C000FF10F /* Open GPIB.app */;
			productType = "com.apple.product-type.application";
		};
		ECE85EFC2E25486D00BB5DC5 /* driver */ = {
			isa = PBXNativeTarget;
			buildConfigurationList = ECE85F0B2E25486D00BB5DC5 /* Build configuration list for PBXNativeTarget "driver" */;
			buildPhases = (
				ECE85EF82E25486D00BB5DC5 /* Headers */,
				ECE85EF92E25486D00BB5DC5 /* Sources */,
				ECE85EFA2E25486D00BB5DC5 /* Frameworks */,
				ECE85EFB2E25486D00BB5DC5 /* Resources */,
			);
			buildRules = (
			);
			dependencies = (
			);
			fileSystemSynchronizedGroups = (
				ECE85F012E25486D00BB5DC5 /* driver */,
			);
			name = driver;
			packageProductDependencies = (
			);
			productName = driver;
			productReference = ECE85EFD2E25486D00BB5DC5 /* app.saturno.darwin-gpib.driver.dext */;
			productType = "com.apple.product-type.driver-extension";
		};
/* End PBXNativeTarget section */

/* Begin PBXProject section */
		ECB71BE12E23451C000FF10F /* Project object */ = {
			isa = PBXProject;
			attributes = {
				BuildIndependentTargetsInParallel = 1;
				LastSwiftUpdateCheck = 1630;
				LastUpgradeCheck = 1630;
				TargetAttributes = {
					EC84CC52303E1224009105E9 = {
						CreatedOnToolsVersion = 26.5;
					};
					EC84CEED303F2255009105E9 = {
						CreatedOnToolsVersion = 26.5;
					};
					ECB71BE82E23451C000FF10F = {
						CreatedOnToolsVersion = 16.3;
					};
					ECE85EFC2E25486D00BB5DC5 = {
						CreatedOnToolsVersion = 16.3;
					};
				};
			};
			buildConfigurationList = ECB71BE42E23451C000FF10F /* Build configuration list for PBXProject "darwin-gpib" */;
			developmentRegion = en;
			hasScannedForEncodings = 0;
			knownRegions = (
				en,
				Base,
			);
			mainGroup = ECB71BE02E23451C000FF10F;
			minimizedProjectReferenceProxies = 1;
			packageReferences = (
				ECF2B0A22E242E4100952F22 /* XCRemoteSwiftPackageReference "AboutWindow" */,
			);
			preferredProjectObjectVersion = 77;
			productRefGroup = ECB71BEA2E23451C000FF10F /* Products */;
			projectDirPath = "";
			projectRoot = "";
			targets = (
				ECB71BE82E23451C000FF10F /* Open GPIB */,
				ECE85EFC2E25486D00BB5DC5 /* driver */,
				EC84CC52303E1224009105E9 /* gpib */,
				EC84CEED303F2255009105E9 /* gpibd */,
			);
		};
/* End PBXProject section */

/* Begin PBXResourcesBuildPhase section */
		ECB71BE72E23451C000FF10F /* Resources */ = {
			isa = PBXResourcesBuildPhase;
			buildActionMask = 2147483647;
			files = (
			);
			runOnlyForDeploymentPostprocessing = 0;
		};
		ECE85EFB2E25486D00BB5DC5 /* Resources */ = {
			isa = PBXResourcesBuildPhase;
			buildActionMask = 2147483647;
			files = (
			);
			runOnlyForDeploymentPostprocessing = 0;
		};
/* End PBXResourcesBuildPhase section */

/* Begin PBXSourcesBuildPhase section */
		EC84CC50303E1224009105E9 /* Sources */ = {
			isa = PBXSourcesBuildPhase;
			buildActionMask = 2147483647;
			files = (
				EC84CC60303E1286009105E9 /* client.c in Sources */,
				EC84CC61303E1286009105E9 /* ib_488_2.c in Sources */,
				EC84CC62303E1286009105E9 /* error.c in Sources */,
				EC84CC63303E1286009105E9 /* ib_traditional.c in Sources */,
			);
			runOnlyForDeploymentPostprocessing = 0;
		};
		EC84CEEA303F2255009105E9 /* Sources */ = {
			isa = PBXSourcesBuildPhase;
			buildActionMask = 2147483647;
			files = (
			);
			runOnlyForDeploymentPostprocessing = 0;
		};
		ECB71BE52E23451C000FF10F /* Sources */ = {
			isa = PBXSourcesBuildPhase;
			buildActionMask = 2147483647;
			files = (
			);
			runOnlyForDeploymentPostprocessing = 0;
		};
		ECE85EF92E25486D00BB5DC5 /* Sources */ = {
			isa = PBXSourcesBuildPhase;
			buildActionMask = 2147483647;
			files = (
			);
			runOnlyForDeploymentPostprocessing = 0;
		};
/* End PBXSourcesBuildPhase section */

/* Begin PBXTargetDependency section */
		EC84CC67303E22BB009105E9 /* PBXTargetDependency */ = {
			isa = PBXTargetDependency;
			target = EC84CC52303E1224009105E9 /* gpib */;
			targetProxy = EC84CC66303E22BB009105E9 /* PBXContainerItemProxy */;
		};
		EC84CF02303F234B009105E9 /* PBXTargetDependency */ = {
			isa = PBXTargetDependency;
			target = EC84CEED303F2255009105E9 /* gpibd */;
			targetProxy = EC84CF01303F234B009105E9 /* PBXContainerItemProxy */;
		};
		ECE85F082E25486D00BB5DC5 /* PBXTargetDependency */ = {
			isa = PBXTargetDependency;
			target = ECE85EFC2E25486D00BB5DC5 /* driver */;
			targetProxy = ECE85F072E25486D00BB5DC5 /* PBXContainerItemProxy */;
		};
/* End PBXTargetDependency section */

/* Begin XCBuildConfiguration section */
		EC84CC55303E1224009105E9 /* Debug */ = {
			isa = XCBuildConfiguration;
			buildSettings = {
				CODE_SIGN_STYLE = Automatic;
				DEVELOPMENT_TEAM = F34U2UUGXX;
				DYLIB_COMPATIBILITY_VERSION = 1;
				DYLIB_CURRENT_VERSION = 1;
				DYLIB_INSTALL_NAME_BASE = "@rpath";
				EXECUTABLE_PREFIX = lib;
				HEADER_SEARCH_PATHS = (
					"$(SRCROOT)/libgpib/include",
					"$(SRCROOT)/gpibd",
				);
				MACOSX_DEPLOYMENT_TARGET = 12.4;
				OTHER_LDFLAGS = (
					"-framework",
					IOKit,
					"-framework",
					CoreFoundation,
				);
				PRODUCT_NAME = "$(TARGET_NAME)";
				SKIP_INSTALL = YES;
			};
			name = Debug;
		};
		EC84CC56303E1224009105E9 /* Release */ = {
			isa = XCBuildConfiguration;
			buildSettings = {
				CODE_SIGN_STYLE = Automatic;
				DEVELOPMENT_TEAM = F34U2UUGXX;
				DYLIB_COMPATIBILITY_VERSION = 1;
				DYLIB_CURRENT_VERSION = 1;
				DYLIB_INSTALL_NAME_BASE = "@rpath";
				EXECUTABLE_PREFIX = lib;
				HEADER_SEARCH_PATHS = (
					"$(SRCROOT)/libgpib/include",
					"$(SRCROOT)/gpibd",
				);
				MACOSX_DEPLOYMENT_TARGET = 12.4;
				OTHER_LDFLAGS = (
					"-framework",
					IOKit,
					"-framework",
					CoreFoundation,
				);
				PRODUCT_NAME = "$(TARGET_NAME)";
				SKIP_INSTALL = YES;
			};
			name = Release;
		};
		EC84CEF3303F2255009105E9 /* Debug */ = {
			isa = XCBuildConfiguration;
			buildSettings = {
				CODE_SIGN_ENTITLEMENTS = gpibd/gpibd.entitlements;
				CODE_SIGN_STYLE = Automatic;
				DEVELOPMENT_TEAM = F34U2UUGXX;
				ENABLE_HARDENED_RUNTIME = YES;
				HEADER_SEARCH_PATHS = (
					"$(SRCROOT)/driver/gpib",
					"$(SRCROOT)/gpibd",
				);
				MACOSX_DEPLOYMENT_TARGET = 26.5;
				PRELINK_LIBS = "CoreFoundation.framework IOKit.framework";
				PRODUCT_NAME = "$(TARGET_NAME)";
			};
			name = Debug;
		};
		EC84CEF4303F2255009105E9 /* Release */ = {
			isa = XCBuildConfiguration;
			buildSettings = {
				CODE_SIGN_ENTITLEMENTS = gpibd/gpibd.entitlements;
				CODE_SIGN_STYLE = Automatic;
				DEVELOPMENT_TEAM = F34U2UUGXX;
				ENABLE_HARDENED_RUNTIME = YES;
				HEADER_SEARCH_PATHS = (
					"$(SRCROOT)/driver/gpib",
					"$(SRCROOT)/gpibd",
				);
				MACOSX_DEPLOYMENT_TARGET = 26.5;
				PRELINK_LIBS = "CoreFoundation.framework IOKit.framework";
				PRODUCT_NAME = "$(TARGET_NAME)";
			};
			name = Release;
		};
		ECB71BF32E23451C000FF10F /* Debug */ = {
			isa = XCBuildConfiguration;
			buildSettings = {
				ALWAYS_SEARCH_USER_PATHS = NO;
				ASSETCATALOG_COMPILER_GENERATE_SWIFT_ASSET_SYMBOL_EXTENSIONS = YES;
				CLANG_ANALYZER_NONNULL = YES;
				CLANG_ANALYZER_NUMBER_OBJECT_CONVERSION = YES_AGGRESSIVE;
				CLANG_CXX_LANGUAGE_STANDARD = "gnu++20";
				CLANG_ENABLE_MODULES = YES;
				CLANG_ENABLE_OBJC_ARC = YES;
				CLANG_ENABLE_OBJC_WEAK = YES;
				CLANG_WARN_BLOCK_CAPTURE_AUTORELEASING = YES;
				CLANG_WARN_BOOL_CONVERSION = YES;
				CLANG_WARN_COMMA = YES;
				CLANG_WARN_CONSTANT_CONVERSION = YES;
				CLANG_WARN_DEPRECATED_OBJC_IMPLEMENTATIONS = YES;
				CLANG_WARN_DIRECT_OBJC_ISA_USAGE = YES_ERROR;
				CLANG_WARN_DOCUMENTATION_COMMENTS = YES;
				CLANG_WARN_EMPTY_BODY = YES;
				CLANG_WARN_ENUM_CONVERSION = YES;
				CLANG_WARN_INFINITE_RECURSION = YES;
				CLANG_WARN_INT_CONVERSION = YES;
				CLANG_WARN_NON_LITERAL_NULL_CONVERSION = YES;
				CLANG_WARN_OBJC_IMPLICIT_RETAIN_SELF = YES;
				CLANG_WARN_OBJC_LITERAL_CONVERSION = YES;
				CLANG_WARN_OBJC_ROOT_CLASS = YES_ERROR;
				CLANG_WARN_QUOTED_INCLUDE_IN_FRAMEWORK_HEADER = YES;
				CLANG_WARN_RANGE_LOOP_ANALYSIS = YES;
				CLANG_WARN_STRICT_PROTOTYPES = YES;
				CLANG_WARN_SUSPICIOUS_MOVE = YES;
				CLANG_WARN_UNGUARDED_AVAILABILITY = YES_AGGRESSIVE;
				CLANG_WARN_UNREACHABLE_CODE = YES;
				CLANG_WARN__DUPLICATE_METHOD_MATCH = YES;
				CODE_SIGN_IDENTITY = "-";
				COPY_PHASE_STRIP = NO;
				DEBUG_INFORMATION_FORMAT = dwarf;
				DEVELOPMENT_TEAM = 8882GBMRN6;
				ENABLE_STRICT_OBJC_MSGSEND = YES;
				ENABLE_TESTABILITY = YES;
				ENABLE_USER_SCRIPT_SANDBOXING = YES;
				GCC_C_LANGUAGE_STANDARD = gnu17;
				GCC_DYNAMIC_NO_PIC = NO;
				GCC_NO_COMMON_BLOCKS = YES;
				GCC_OPTIMIZATION_LEVEL = 0;
				GCC_PREPROCESSOR_DEFINITIONS = (
					"DEBUG=1",
					"$(inherited)",
				);
				GCC_WARN_64_TO_32_BIT_CONVERSION = YES;
				GCC_WARN_ABOUT_RETURN_TYPE = YES_ERROR;
				GCC_WARN_UNDECLARED_SELECTOR = YES;
				GCC_WARN_UNINITIALIZED_AUTOS = YES_AGGRESSIVE;
				GCC_WARN_UNUSED_FUNCTION = YES;
				GCC_WARN_UNUSED_VARIABLE = YES;
				LOCALIZATION_PREFERS_STRING_CATALOGS = YES;
				MACOSX_DEPLOYMENT_TARGET = 15.4;
				MTL_ENABLE_DEBUG_INFO = INCLUDE_SOURCE;
				MTL_FAST_MATH = YES;
				ONLY_ACTIVE_ARCH = YES;
				SDKROOT = macosx;
				SWIFT_ACTIVE_COMPILATION_CONDITIONS = "DEBUG $(inherited)";
				SWIFT_OPTIMIZATION_LEVEL = "-Onone";
			};
			name = Debug;
		};
		ECB71BF42E23451C000FF10F /* Release */ = {
			isa = XCBuildConfiguration;
			buildSettings = {
				ALWAYS_SEARCH_USER_PATHS = NO;
				ASSETCATALOG_COMPILER_GENERATE_SWIFT_ASSET_SYMBOL_EXTENSIONS = YES;
				CLANG_ANALYZER_NONNULL = YES;
				CLANG_ANALYZER_NUMBER_OBJECT_CONVERSION = YES_AGGRESSIVE;
				CLANG_CXX_LANGUAGE_STANDARD = "gnu++20";
				CLANG_ENABLE_MODULES = YES;
				CLANG_ENABLE_OBJC_ARC = YES;
				CLANG_ENABLE_OBJC_WEAK = YES;
				CLANG_WARN_BLOCK_CAPTURE_AUTORELEASING = YES;
				CLANG_WARN_BOOL_CONVERSION = YES;
				CLANG_WARN_COMMA = YES;
				CLANG_WARN_CONSTANT_CONVERSION = YES;
				CLANG_WARN_DEPRECATED_OBJC_IMPLEMENTATIONS = YES;
				CLANG_WARN_DIRECT_OBJC_ISA_USAGE = YES_ERROR;
				CLANG_WARN_DOCUMENTATION_COMMENTS = YES;
				CLANG_WARN_EMPTY_BODY = YES;
				CLANG_WARN_ENUM_CONVERSION = YES;
				CLANG_WARN_INFINITE_RECURSION = YES;
				CLANG_WARN_INT_CONVERSION = YES;
				CLANG_WARN_NON_LITERAL_NULL_CONVERSION = YES;
				CLANG_WARN_OBJC_IMPLICIT_RETAIN_SELF = YES;
				CLANG_WARN_OBJC_LITERAL_CONVERSION = YES;
				CLANG_WARN_OBJC_ROOT_CLASS = YES_ERROR;
				CLANG_WARN_QUOTED_INCLUDE_IN_FRAMEWORK_HEADER = YES;
				CLANG_WARN_RANGE_LOOP_ANALYSIS = YES;
				CLANG_WARN_STRICT_PROTOTYPES = YES;
				CLANG_WARN_SUSPICIOUS_MOVE = YES;
				CLANG_WARN_UNGUARDED_AVAILABILITY = YES_AGGRESSIVE;
				CLANG_WARN_UNREACHABLE_CODE = YES;
				CLANG_WARN__DUPLICATE_METHOD_MATCH = YES;
				CODE_SIGN_IDENTITY = "-";
				COPY_PHASE_STRIP = NO;
				DEBUG_INFORMATION_FORMAT = "dwarf-with-dsym";
				DEVELOPMENT_TEAM = 8882GBMRN6;
				ENABLE_NS_ASSERTIONS = NO;
				ENABLE_STRICT_OBJC_MSGSEND = YES;
				ENABLE_USER_SCRIPT_SANDBOXING = YES;
				GCC_C_LANGUAGE_STANDARD = gnu17;
				GCC_NO_COMMON_BLOCKS = YES;
				GCC_WARN_64_TO_32_BIT_CONVERSION = YES;
				GCC_WARN_ABOUT_RETURN_TYPE = YES_ERROR;
				GCC_WARN_UNDECLARED_SELECTOR = YES;
				GCC_WARN_UNINITIALIZED_AUTOS = YES_AGGRESSIVE;
				GCC_WARN_UNUSED_FUNCTION = YES;
				GCC_WARN_UNUSED_VARIABLE = YES;
				LOCALIZATION_PREFERS_STRING_CATALOGS = YES;
				MACOSX_DEPLOYMENT_TARGET = 15.4;
				MTL_ENABLE_DEBUG_INFO = NO;
				MTL_FAST_MATH = YES;
				SDKROOT = macosx;
				SWIFT_COMPILATION_MODE = wholemodule;
			};
			name = Release;
		};
		ECB71BF62E23451C000FF10F /* Debug */ = {
			isa = XCBuildConfiguration;
			buildSettings = {
				ASSETCATALOG_COMPILER_APPICON_NAME = AppIcon;
				ASSETCATALOG_COMPILER_GLOBAL_ACCENT_COLOR_NAME = AccentColor;
				ASSETCATALOG_COMPILER_INCLUDE_ALL_APPICON_ASSETS = NO;
				CODE_SIGN_ENTITLEMENTS = "Open GPIB/darwin_gpib.entitlements";
				CODE_SIGN_IDENTITY = "-";
				"CODE_SIGN_IDENTITY[sdk=macosx*]" = "-";
				CODE_SIGN_STYLE = Automatic;
				COMBINE_HIDPI_IMAGES = YES;
				CURRENT_PROJECT_VERSION = 1;
				DEVELOPMENT_TEAM = F34U2UUGXX;
				ENABLE_HARDENED_RUNTIME = NO;
				ENABLE_PREVIEWS = YES;
				GENERATE_INFOPLIST_FILE = YES;
				INFOPLIST_KEY_CFBundleDisplayName = "Open GPIB";
				INFOPLIST_KEY_NSHumanReadableCopyright = "";
				LD_RUNPATH_SEARCH_PATHS = (
					"$(inherited)",
					"@executable_path/../Frameworks",
				);
				MARKETING_VERSION = 1.0;
				PRODUCT_BUNDLE_IDENTIFIER = "app.saturno.darwin-gpib";
				PRODUCT_NAME = "Open GPIB";
				REGISTER_APP_GROUPS = YES;
				SWIFT_EMIT_LOC_STRINGS = YES;
				SWIFT_VERSION = 5.0;
			};
			name = Debug;
		};
		ECB71BF72E23451C000FF10F /* Release */ = {
			isa = XCBuildConfiguration;
			buildSettings = {
				ASSETCATALOG_COMPILER_APPICON_NAME = AppIcon;
				ASSETCATALOG_COMPILER_GLOBAL_ACCENT_COLOR_NAME = AccentColor;
				ASSETCATALOG_COMPILER_INCLUDE_ALL_APPICON_ASSETS = NO;
				CODE_SIGN_ENTITLEMENTS = "Open GPIB/darwin_gpib.entitlements";
				CODE_SIGN_IDENTITY = "-";
				"CODE_SIGN_IDENTITY[sdk=macosx*]" = "-";
				CODE_SIGN_STYLE = Automatic;
				COMBINE_HIDPI_IMAGES = YES;
				CURRENT_PROJECT_VERSION = 1;
				DEVELOPMENT_TEAM = F34U2UUGXX;
				ENABLE_HARDENED_RUNTIME = NO;
				ENABLE_PREVIEWS = YES;
				GENERATE_INFOPLIST_FILE = YES;
				INFOPLIST_KEY_CFBundleDisplayName = "Open GPIB";
				INFOPLIST_KEY_NSHumanReadableCopyright = "";
				LD_RUNPATH_SEARCH_PATHS = (
					"$(inherited)",
					"@executable_path/../Frameworks",
				);
				MARKETING_VERSION = 1.0;
				PRODUCT_BUNDLE_IDENTIFIER = "app.saturno.darwin-gpib";
				PRODUCT_NAME = "Open GPIB";
				REGISTER_APP_GROUPS = YES;
				SWIFT_EMIT_LOC_STRINGS = YES;
				SWIFT_VERSION = 5.0;
			};
			name = Release;
		};
		ECE85F0C2E25486D00BB5DC5 /* Debug */ = {
			isa = XCBuildConfiguration;
			buildSettings = {
				AD_HOC_CODE_SIGNING_ALLOWED = YES;
				CODE_SIGN_ENTITLEMENTS = driver/driver.entitlements;
				CODE_SIGN_IDENTITY = "-";
				"CODE_SIGN_IDENTITY[sdk=macosx*]" = "-";
				CODE_SIGN_STYLE = Automatic;
				CURRENT_PROJECT_VERSION = 1;
				DEVELOPMENT_TEAM = F34U2UUGXX;
				DRIVERKIT_DEPLOYMENT_TARGET = 24.4;
				ENABLE_HARDENED_RUNTIME = NO;
				FRAMEWORK_SEARCH_PATHS = (
					"$(inherited)",
					"$(SDKROOT)/System/DriverKit/System/Library/Frameworks",
				);
				GENERATE_INFOPLIST_FILE = YES;
				INFOPLIST_FILE = driver/Info.plist;
				MARKETING_VERSION = 1.0;
				PRODUCT_BUNDLE_IDENTIFIER = "app.saturno.darwin-gpib.driver";
				PRODUCT_NAME = "$(inherited)";
				RUN_CLANG_STATIC_ANALYZER = YES;
				SDKROOT = driverkit;
				SKIP_INSTALL = YES;
				SWIFT_EMIT_LOC_STRINGS = YES;
			};
			name = Debug;
		};
		ECE85F0D2E25486D00BB5DC5 /* Release */ = {
			isa = XCBuildConfiguration;
			buildSettings = {
				AD_HOC_CODE_SIGNING_ALLOWED = YES;
				CODE_SIGN_ENTITLEMENTS = driver/driver.entitlements;
				CODE_SIGN_IDENTITY = "-";
				"CODE_SIGN_IDENTITY[sdk=macosx*]" = "-";
				CODE_SIGN_STYLE = Automatic;
				CURRENT_PROJECT_VERSION = 1;
				DEVELOPMENT_TEAM = F34U2UUGXX;
				DRIVERKIT_DEPLOYMENT_TARGET = 24.4;
				ENABLE_HARDENED_RUNTIME = NO;
				FRAMEWORK_SEARCH_PATHS = (
					"$(inherited)",
					"$(SDKROOT)/System/DriverKit/System/Library/Frameworks",
				);
				GENERATE_INFOPLIST_FILE = YES;
				INFOPLIST_FILE = driver/Info.plist;
				MARKETING_VERSION = 1.0;
				PRODUCT_BUNDLE_IDENTIFIER = "app.saturno.darwin-gpib.driver";
				PRODUCT_NAME = "$(inherited)";
				RUN_CLANG_STATIC_ANALYZER = YES;
				SDKROOT = driverkit;
				SKIP_INSTALL = YES;
				SWIFT_EMIT_LOC_STRINGS = YES;
			};
			name = Release;
		};
/* End XCBuildConfiguration section */

/* Begin XCConfigurationList section */
		EC84CC54303E1224009105E9 /* Build configuration list for PBXNativeTarget "gpib" */ = {
			isa = XCConfigurationList;
			buildConfigurations = (
				EC84CC55303E1224009105E9 /* Debug */,
				EC84CC56303E1224009105E9 /* Release */,
			);
			defaultConfigurationIsVisible = 0;
			defaultConfigurationName = Release;
		};
		EC84CEF2303F2255009105E9 /* Build configuration list for PBXNativeTarget "gpibd" */ = {
			isa = XCConfigurationList;
			buildConfigurations = (
				EC84CEF3303F2255009105E9 /* Debug */,
				EC84CEF4303F2255009105E9 /* Release */,
			);
			defaultConfigurationIsVisible = 0;
			defaultConfigurationName = Release;
		};
		ECB71BE42E23451C000FF10F /* Build configuration list for PBXProject "darwin-gpib" */ = {
			isa = XCConfigurationList;
			buildConfigurations = (
				ECB71BF32E23451C000FF10F /* Debug */,
				ECB71BF42E23451C000FF10F /* Release */,
			);
			defaultConfigurationIsVisible = 0;
			defaultConfigurationName = Release;
		};
		ECB71BF52E23451C000FF10F /* Build configuration list for PBXNativeTarget "Open GPIB" */ = {
			isa = XCConfigurationList;
			buildConfigurations = (
				ECB71BF62E23451C000FF10F /* Debug */,
				ECB71BF72E23451C000FF10F /* Release */,
			);
			defaultConfigurationIsVisible = 0;
			defaultConfigurationName = Release;
		};
		ECE85F0B2E25486D00BB5DC5 /* Build configuration list for PBXNativeTarget "driver" */ = {
			isa = XCConfigurationList;
			buildConfigurations = (
				ECE85F0C2E25486D00BB5DC5 /* Debug */,
				ECE85F0D2E25486D00BB5DC5 /* Release */,
			);
			defaultConfigurationIsVisible = 0;
			defaultConfigurationName = Release;
		};
/* End XCConfigurationList section */

/* Begin XCRemoteSwiftPackageReference section */
		ECF2B0A22E242E4100952F22 /* XCRemoteSwiftPackageReference "AboutWindow" */ = {
			isa = XCRemoteSwiftPackageReference;
			repositoryURL = "https://github.com/CodeEditApp/AboutWindow";
			requirement = {
				branch = main;
				kind = branch;
			};
		};
/* End XCRemoteSwiftPackageReference section */

/* Begin XCSwiftPackageProductDependency section */
		ECF2B0A32E242E4100952F22 /* AboutWindow */ = {
			isa = XCSwiftPackageProductDependency;
			package = ECF2B0A22E242E4100952F22 /* XCRemoteSwiftPackageReference "AboutWindow" */;
			productName = AboutWindow;
		};
/* End XCSwiftPackageProductDependency section */
	};
	rootObject = ECB71BE12E23451C000FF10F /* Project object */;
}
